
Microsoft Visual Studio Solution File, Format Version 12.00
# Visual Studio Version 16
VisualStudioVersion = 16.0.31129.286
MinimumVisualStudioVersion = 10.0.40219.1
Project("{FAE04EC0-301F-11D3-BF4B-00C04F79EFBC}") = "vs-2019-new-git-experience", "vs-2019-new-git-experience.csproj", "{F80A7642-56B6-4074-B9CB-45C5670CB36F}"
EndProject
Global
	GlobalSection(SolutionConfigurationPlatforms) = preSolution
		Debug|Any CPU = Debug|Any CPU
		Release|Any CPU = Release|Any CPU
	EndGlobalSection
	GlobalSection(ProjectConfigurationPlatforms) = postSolution
		{F80A7642-56B6-4074-B9CB-45C5670CB36F}.Debug|Any CPU.ActiveCfg = Debug|Any CPU
		{F80A7642-56B6-4074-B9CB-45C5670CB36F}.Debug|Any CPU.Build.0 = Debug|Any CPU
		{F80A7642-56B6-4074-B9CB-45C5670CB36F}.Release|Any CPU.ActiveCfg = Release|Any CPU
		{F80A7642-56B6-4074-B9CB-45C5670CB36F}.Release|Any CPU.Build.0 = Release|Any CPU
	EndGlobalSection
	GlobalSection(SolutionProperties) = preSolution
		HideSolutionNode = FALSE
	EndGlobalSection
	GlobalSection(ExtensibilityGlobals) = postSolution
		SolutionGuid = {2072F497-FACA-4DE0-93ED-D7830F1EFB9E}
	EndGlobalSection
EndGlobal
